// !$*UTF8*$!
{
	archiveVersion = 1;
	classes = {
	};
	objectVersion = 46;
	objects = {

/* Begin PBXBuildFile section */
		B631A6FA1E79069F00FF3134 /* SettingViewController.swift in Sources */ = {isa = PBXBuildFile; fileRef = B631A6F91E79069F00FF3134 /* SettingViewController.swift */; };
		B631A6FC1E7CEBB500FF3134 /* RealmSwift.framework in Frameworks */ = {isa = PBXBuildFile; fileRef = B631A6FB1E7CEBB500FF3134 /* RealmSwift.framework */; };
		B631A6FD1E7CEBB500FF3134 /* RealmSwift.framework in Embed Frameworks */ = {isa = PBXBuildFile; fileRef = B631A6FB1E7CEBB500FF3134 /* RealmSwift.framework */; settings = {ATTRIBUTES = (CodeSignOnCopy, RemoveHeadersOnCopy, ); }; };
		B631A7001E7CEC5800FF3134 /* Realm.framework in Frameworks */ = {isa = PBXBuildFile; fileRef = B631A6FF1E7CEC5800FF3134 /* Realm.framework */; };
		B631A7011E7CEC5800FF3134 /* Realm.framework in Embed Frameworks */ = {isa = PBXBuildFile; fileRef = B631A6FF1E7CEC5800FF3134 /* Realm.framework */; settings = {ATTRIBUTES = (CodeSignOnCopy, RemoveHeadersOnCopy, ); }; };
		B66B334A1E70EF780083EE86 /* AppDelegate.swift in Sources */ = {isa = PBXBuildFile; fileRef = B66B33491E70EF780083EE86 /* AppDelegate.swift */; };
		B66B334C1E70EF780083EE86 /* ViewController.swift in Sources */ = {isa = PBXBuildFile; fileRef = B66B334B1E70EF780083EE86 /* ViewController.swift */; };
		B66B334F1E70EF780083EE86 /* Main.storyboard in Resources */ = {isa = PBXBuildFile; fileRef = B66B334D1E70EF780083EE86 /* Main.storyboard */; };
		B66B33511E70EF780083EE86 /* Assets.xcassets in Resources */ = {isa = PBXBuildFile; fileRef = B66B33501E70EF780083EE86 /* Assets.xcassets */; };
		B66B33541E70EF780083EE86 /* LaunchScreen.storyboard in Resources */ = {isa = PBXBuildFile; fileRef = B66B33521E70EF780083EE86 /* LaunchScreen.storyboard */; };
		B66B335D1E70EFD60083EE86 /* CategoryTableViewCell.swift in Sources */ = {isa = PBXBuildFile; fileRef = B66B335B1E70EFD60083EE86 /* CategoryTableViewCell.swift */; };
		B66B335E1E70EFD60083EE86 /* CategoryTableViewCell.xib in Resources */ = {isa = PBXBuildFile; fileRef = B66B335C1E70EFD60083EE86 /* CategoryTableViewCell.xib */; };
		B66B33621E7134C90083EE86 /* ProductViewController.swift in Sources */ = {isa = PBXBuildFile; fileRef = B66B33611E7134C90083EE86 /* ProductViewController.swift */; };
		B66B336B1E717BEE0083EE86 /* ProductTableViewCell.swift in Sources */ = {isa = PBXBuildFile; fileRef = B66B33691E717BEE0083EE86 /* ProductTableViewCell.swift */; };
		B66B336C1E717BEE0083EE86 /* ProductTableViewCell.xib in Resources */ = {isa = PBXBuildFile; fileRef = B66B336A1E717BEE0083EE86 /* ProductTableViewCell.xib */; };
		B66B336E1E728DA10083EE86 /* fm.csv in Resources */ = {isa = PBXBuildFile; fileRef = B66B336D1E728DA10083EE86 /* fm.csv */; };
		B69159F51E7E388600F38355 /* RecordViewController.swift in Sources */ = {isa = PBXBuildFile; fileRef = B69159F41E7E388600F38355 /* RecordViewController.swift */; };
		B69FD0181E74C19200DDCD73 /* AlamofireImage.framework in Frameworks */ = {isa = PBXBuildFile; fileRef = B6D65D961E739A1B004905A2 /* AlamofireImage.framework */; };
		B69FD0191E74C19200DDCD73 /* AlamofireImage.framework in Embed Frameworks */ = {isa = PBXBuildFile; fileRef = B6D65D961E739A1B004905A2 /* AlamofireImage.framework */; settings = {ATTRIBUTES = (CodeSignOnCopy, RemoveHeadersOnCopy, ); }; };
		B69FD01C1E74C20B00DDCD73 /* Alamofire.framework in Frameworks */ = {isa = PBXBuildFile; fileRef = B69FD01B1E74C20B00DDCD73 /* Alamofire.framework */; };
		B69FD01D1E74C20B00DDCD73 /* Alamofire.framework in Embed Frameworks */ = {isa = PBXBuildFile; fileRef = B69FD01B1E74C20B00DDCD73 /* Alamofire.framework */; settings = {ATTRIBUTES = (CodeSignOnCopy, RemoveHeadersOnCopy, ); }; };
/* End PBXBuildFile section */

/* Begin PBXCopyFilesBuildPhase section */
		B69FD01A1E74C19200DDCD73 /* Embed Frameworks */ = {
			isa = PBXCopyFilesBuildPhase;
			buildActionMask = 2147483647;
			dstPath = "";
			dstSubfolderSpec = 10;
			files = (
				B631A7011E7CEC5800FF3134 /* Realm.framework in Embed Frameworks */,
				B69FD0191E74C19200DDCD73 /* AlamofireImage.framework in Embed Frameworks */,
				B69FD01D1E74C20B00DDCD73 /* Alamofire.framework in Embed Frameworks */,
				B631A6FD1E7CEBB500FF3134 /* RealmSwift.framework in Embed Frameworks */,
			);
			name = "Embed Frameworks";
			runOnlyForDeploymentPostprocessing = 0;
		};
/* End PBXCopyFilesBuildPhase section */

/* Begin PBXFileReference section */
		B631A6F91E79069F00FF3134 /* SettingViewController.swift */ = {isa = PBXFileReference; fileEncoding = 4; lastKnownFileType = sourcecode.swift; path = SettingViewController.swift; sourceTree = "<group>"; };
		B631A6FB1E7CEBB500FF3134 /* RealmSwift.framework */ = {isa = PBXFileReference; lastKnownFileType = wrapper.framework; name = RealmSwift.framework; path = Carthage/Build/iOS/RealmSwift.framework; sourceTree = "<group>"; };
		B631A6FF1E7CEC5800FF3134 /* Realm.framework */ = {isa = PBXFileReference; lastKnownFileType = wrapper.framework; name = Realm.framework; path = Carthage/Build/iOS/Realm.framework; sourceTree = "<group>"; };
		B66B33461E70EF780083EE86 /* Diet2.app */ = {isa = PBXFileReference; explicitFileType = wrapper.application; includeInIndex = 0; path = Diet2.app; sourceTree = BUILT_PRODUCTS_DIR; };
		B66B33491E70EF780083EE86 /* AppDelegate.swift */ = {isa = PBXFileReference; lastKnownFileType = sourcecode.swift; path = AppDelegate.swift; sourceTree = "<group>"; };
		B66B334B1E70EF780083EE86 /* ViewController.swift */ = {isa = PBXFileReference; lastKnownFileType = sourcecode.swift; path = ViewController.swift; sourceTree = "<group>"; };
		B66B334E1E70EF780083EE86 /* Base */ = {isa = PBXFileReference; lastKnownFileType = file.storyboard; name = Base; path = Base.lproj/Main.storyboard; sourceTree = "<group>"; };
		B66B33501E70EF780083EE86 /* Assets.xcassets */ = {isa = PBXFileReference; lastKnownFileType = folder.assetcatalog; path = Assets.xcassets; sourceTree = "<group>"; };
		B66B33531E70EF780083EE86 /* Base */ = {isa = PBXFileReference; lastKnownFileType = file.storyboard; name = Base; path = Base.lproj/LaunchScreen.storyboard; sourceTree = "<group>"; };
		B66B33551E70EF780083EE86 /* Info.plist */ = {isa = PBXFileReference; lastKnownFileType = text.plist.xml; path = Info.plist; sourceTree = "<group>"; };
		B66B335B1E70EFD60083EE86 /* CategoryTableViewCell.swift */ = {isa = PBXFileReference; fileEncoding = 4; lastKnownFileType = sourcecode.swift; path = CategoryTableViewCell.swift; sourceTree = "<group>"; };
		B66B335C1E70EFD60083EE86 /* CategoryTableViewCell.xib */ = {isa = PBXFileReference; fileEncoding = 4; lastKnownFileType = file.xib; path = CategoryTableViewCell.xib; sourceTree = "<group>"; };
		B66B33611E7134C90083EE86 /* ProductViewController.swift */ = {isa = PBXFileReference; fileEncoding = 4; lastKnownFileType = sourcecode.swift; path = ProductViewController.swift; sourceTree = "<group>"; };
		B66B33691E717BEE0083EE86 /* ProductTableViewCell.swift */ = {isa = PBXFileReference; fileEncoding = 4; lastKnownFileType = sourcecode.swift; path = ProductTableViewCell.swift; sourceTree = "<group>"; };
		B66B336A1E717BEE0083EE86 /* ProductTableViewCell.xib */ = {isa = PBXFileReference; fileEncoding = 4; lastKnownFileType = file.xib; path = ProductTableViewCell.xib; sourceTree = "<group>"; };
		B66B336D1E728DA10083EE86 /* fm.csv */ = {isa = PBXFileReference; fileEncoding = 4; lastKnownFileType = text; path = fm.csv; sourceTree = "<group>"; };
		B69159F41E7E388600F38355 /* RecordViewController.swift */ = {isa = PBXFileReference; fileEncoding = 4; lastKnownFileType = sourcecode.swift; path = RecordViewController.swift; sourceTree = "<group>"; };
		B69FD01B1E74C20B00DDCD73 /* Alamofire.framework */ = {isa = PBXFileReference; lastKnownFileType = wrapper.framework; name = Alamofire.framework; path = Carthage/Build/iOS/Alamofire.framework; sourceTree = "<group>"; };
		B6D65D961E739A1B004905A2 /* AlamofireImage.framework */ = {isa = PBXFileReference; lastKnownFileType = wrapper.framework; name = AlamofireImage.framework; path = Carthage/Build/iOS/AlamofireImage.framework; sourceTree = "<group>"; };
/* End PBXFileReference section */

/* Begin PBXFrameworksBuildPhase section */
		B66B33431E70EF780083EE86 /* Frameworks */ = {
			isa = PBXFrameworksBuildPhase;
			buildActionMask = 2147483647;
			files = (
				B631A7001E7CEC5800FF3134 /* Realm.framework in Frameworks */,
				B69FD0181E74C19200DDCD73 /* AlamofireImage.framework in Frameworks */,
				B69FD01C1E74C20B00DDCD73 /* Alamofire.framework in Frameworks */,
				B631A6FC1E7CEBB500FF3134 /* RealmSwift.framework in Frameworks */,
			);
			runOnlyForDeploymentPostprocessing = 0;
		};
/* End PBXFrameworksBuildPhase section */

/* Begin PBXGroup section */
		B66B333D1E70EF780083EE86 = {
			isa = PBXGroup;
			children = (
				B66B33481E70EF780083EE86 /* Diet2 */,
				B66B33471E70EF780083EE86 /* Products */,
				B6D65D921E729E13004905A2 /* Frameworks */,
			);
			sourceTree = "<group>";
		};
		B66B33471E70EF780083EE86 /* Products */ = {
			isa = PBXGroup;
			children = (
				B66B33461E70EF780083EE86 /* Diet2.app */,
			);
			name = Products;
			sourceTree = "<group>";
		};
		B66B33481E70EF780083EE86 /* Diet2 */ = {
			isa = PBXGroup;
			children = (
				B66B33491E70EF780083EE86 /* AppDelegate.swift */,
				B66B334D1E70EF780083EE86 /* Main.storyboard */,
				B69159F41E7E388600F38355 /* RecordViewController.swift */,
				B66B334B1E70EF780083EE86 /* ViewController.swift */,
				B66B33611E7134C90083EE86 /* ProductViewController.swift */,
				B631A6F91E79069F00FF3134 /* SettingViewController.swift */,
				B66B33691E717BEE0083EE86 /* ProductTableViewCell.swift */,
				B66B336A1E717BEE0083EE86 /* ProductTableViewCell.xib */,
				B66B335B1E70EFD60083EE86 /* CategoryTableViewCell.swift */,
				B66B335C1E70EFD60083EE86 /* CategoryTableViewCell.xib */,
				B66B33501E70EF780083EE86 /* Assets.xcassets */,
				B66B33521E70EF780083EE86 /* LaunchScreen.storyboard */,
				B66B33551E70EF780083EE86 /* Info.plist */,
				B66B336D1E728DA10083EE86 /* fm.csv */,
			);
			path = Diet2;
			sourceTree = "<group>";
		};
		B6D65D921E729E13004905A2 /* Frameworks */ = {
			isa = PBXGroup;
			children = (
				B631A6FF1E7CEC5800FF3134 /* Realm.framework */,
				B631A6FB1E7CEBB500FF3134 /* RealmSwift.framework */,
				B69FD01B1E74C20B00DDCD73 /* Alamofire.framework */,
				B6D65D961E739A1B004905A2 /* AlamofireImage.framework */,
			);
			name = Frameworks;
			sourceTree = "<group>";
		};
/* End PBXGroup section */

/* Begin PBXNativeTarget section */
		B66B33451E70EF780083EE86 /* Diet2 */ = {
			isa = PBXNativeTarget;
			buildConfigurationList = B66B33581E70EF780083EE86 /* Build configuration list for PBXNativeTarget "Diet2" */;
			buildPhases = (
				B66B33421E70EF780083EE86 /* Sources */,
				B66B33431E70EF780083EE86 /* Frameworks */,
				B66B33441E70EF780083EE86 /* Resources */,
				B61712E11E739E0B00787A8B /* ShellScript */,
				B69FD01A1E74C19200DDCD73 /* Embed Frameworks */,
				B631A6FE1E7CEBCB00FF3134 /* ShellScript */,
			);
			buildRules = (
			);
			dependencies = (
			);
			name = Diet2;
			productName = Diet2;
			productReference = B66B33461E70EF780083EE86 /* Diet2.app */;
			productType = "com.apple.product-type.application";
		};
/* End PBXNativeTarget section */

/* Begin PBXProject section */
		B66B333E1E70EF780083EE86 /* Project object */ = {
			isa = PBXProject;
			attributes = {
				LastSwiftUpdateCheck = 0820;
				LastUpgradeCheck = 0820;
				ORGANIZATIONNAME = "添田祐輝";
				TargetAttributes = {
					B66B33451E70EF780083EE86 = {
						CreatedOnToolsVersion = 8.2.1;
						DevelopmentTeam = GL97DS2BD4;
						ProvisioningStyle = Automatic;
					};
				};
			};
			buildConfigurationList = B66B33411E70EF780083EE86 /* Build configuration list for PBXProject "Diet2" */;
			compatibilityVersion = "Xcode 3.2";
			developmentRegion = English;
			hasScannedForEncodings = 0;
			knownRegions = (
				en,
				Base,
			);
			mainGroup = B66B333D1E70EF780083EE86;
			productRefGroup = B66B33471E70EF780083EE86 /* Products */;
			projectDirPath = "";
			projectRoot = "";
			targets = (
				B66B33451E70EF780083EE86 /* Diet2 */,
			);
		};
/* End PBXProject section */

/* Begin PBXResourcesBuildPhase section */
		B66B33441E70EF780083EE86 /* Resources */ = {
			isa = PBXResourcesBuildPhase;
			buildActionMask = 2147483647;
			files = (
				B66B33541E70EF780083EE86 /* LaunchScreen.storyboard in Resources */,
				B66B33511E70EF780083EE86 /* Assets.xcassets in Resources */,
				B66B336C1E717BEE0083EE86 /* ProductTableViewCell.xib in Resources */,
				B66B336E1E728DA10083EE86 /* fm.csv in Resources */,
				B66B334F1E70EF780083EE86 /* Main.storyboard in Resources */,
				B66B335E1E70EFD60083EE86 /* CategoryTableViewCell.xib in Resources */,
			);
			runOnlyForDeploymentPostprocessing = 0;
		};
/* End PBXResourcesBuildPhase section */

/* Begin PBXShellScriptBuildPhase section */
		B61712E11E739E0B00787A8B /* ShellScript */ = {
			isa = PBXShellScriptBuildPhase;
			buildActionMask = 2147483647;
			files = (
			);
			inputPaths = (
				"$(SRCROOT)/Carthage/Build/iOS/AlamofireImage.framework",
				"$(SRCROOT)/Carthage/Build/iOS/Alamofire.framework",
			);
			outputPaths = (
			);
			runOnlyForDeploymentPostprocessing = 0;
			shellPath = /bin/sh;
			shellScript = "/usr/local/bin/carthage copy-frameworks";
		};
		B631A6FE1E7CEBCB00FF3134 /* ShellScript */ = {
			isa = PBXShellScriptBuildPhase;
			buildActionMask = 2147483647;
			files = (
			);
			inputPaths = (
				"$(SRCROOT)/Carthage/Build/iOS/Realm.framework",
				"$(SRCROOT)/Carthage/Build/iOS/RealmSwift.framework",
			);
			outputPaths = (
			);
			runOnlyForDeploymentPostprocessing = 0;
			shellPath = /bin/sh;
			shellScript = "/usr/local/bin/carthage copy-frameworks";
		};
/* End PBXShellScriptBuildPhase section */

/* Begin PBXSourcesBuildPhase section */
		B66B33421E70EF780083EE86 /* Sources */ = {
			isa = PBXSourcesBuildPhase;
			buildActionMask = 2147483647;
			files = (
				B66B334C1E70EF780083EE86 /* ViewController.swift in Sources */,
				B66B334A1E70EF780083EE86 /* AppDelegate.swift in Sources */,
				B66B336B1E717BEE0083EE86 /* ProductTableViewCell.swift in Sources */,
				B69159F51E7E388600F38355 /* RecordViewController.swift in Sources */,
				B66B33621E7134C90083EE86 /* ProductViewController.swift in Sources */,
				B66B335D1E70EFD60083EE86 /* CategoryTableViewCell.swift in Sources */,
				B631A6FA1E79069F00FF3134 /* SettingViewController.swift in Sources */,
			);
			runOnlyForDeploymentPostprocessing = 0;
		};
/* End PBXSourcesBuildPhase section */

/* Begin PBXVariantGroup section */
		B66B334D1E70EF780083EE86 /* Main.storyboard */ = {
			isa = PBXVariantGroup;
			children = (
				B66B334E1E70EF780083EE86 /* Base */,
			);
			name = Main.storyboard;
			sourceTree = "<group>";
		};
		B66B33521E70EF780083EE86 /* LaunchScreen.storyboard */ = {
			isa = PBXVariantGroup;
			children = (
				B66B33531E70EF780083EE86 /* Base */,
			);
			name = LaunchScreen.storyboard;
			sourceTree = "<group>";
		};
/* End PBXVariantGroup section */

/* Begin XCBuildConfiguration section */
		B66B33561E70EF780083EE86 /* Debug */ = {
			isa = XCBuildConfiguration;
			buildSettings = {
				ALWAYS_SEARCH_USER_PATHS = NO;
				CLANG_ANALYZER_NONNULL = YES;
				CLANG_CXX_LANGUAGE_STANDARD = "gnu++0x";
				CLANG_CXX_LIBRARY = "libc++";
				CLANG_ENABLE_MODULES = YES;
				CLANG_ENABLE_OBJC_ARC = YES;
				CLANG_WARN_BOOL_CONVERSION = YES;
				CLANG_WARN_CONSTANT_CONVERSION = YES;
				CLANG_WARN_DIRECT_OBJC_ISA_USAGE = YES_ERROR;
				CLANG_WARN_DOCUMENTATION_COMMENTS = YES;
				CLANG_WARN_EMPTY_BODY = YES;
				CLANG_WARN_ENUM_CONVERSION = YES;
				CLANG_WARN_INFINITE_RECURSION = YES;
				CLANG_WARN_INT_CONVERSION = YES;
				CLANG_WARN_OBJC_ROOT_CLASS = YES_ERROR;
				CLANG_WARN_SUSPICIOUS_MOVE = YES;
				CLANG_WARN_UNREACHABLE_CODE = YES;
				CLANG_WARN__DUPLICATE_METHOD_MATCH = YES;
				"CODE_SIGN_IDENTITY[sdk=iphoneos*]" = "iPhone Developer";
				COPY_PHASE_STRIP = NO;
				DEBUG_INFORMATION_FORMAT = dwarf;
				ENABLE_STRICT_OBJC_MSGSEND = YES;
				ENABLE_TESTABILITY = YES;
				GCC_C_LANGUAGE_STANDARD = gnu99;
				GCC_DYNAMIC_NO_PIC = NO;
				GCC_NO_COMMON_BLOCKS = YES;
				GCC_OPTIMIZATION_LEVEL = 0;
				GCC_PREPROCESSOR_DEFINITIONS = (
					"DEBUG=1",
					"$(inherited)",
				);
				GCC_WARN_64_TO_32_BIT_CONVERSION = YES;
				GCC_WARN_ABOUT_RETURN_TYPE = YES_ERROR;
				GCC_WARN_UNDECLARED_SELECTOR = YES;
				GCC_WARN_UNINITIALIZED_AUTOS = YES_AGGRESSIVE;
				GCC_WARN_UNUSED_FUNCTION = YES;
				GCC_WARN_UNUSED_VARIABLE = YES;
				IPHONEOS_DEPLOYMENT_TARGET = 10.2;
				MTL_ENABLE_DEBUG_INFO = YES;
				ONLY_ACTIVE_ARCH = YES;
				SDKROOT = iphoneos;
				SWIFT_ACTIVE_COMPILATION_CONDITIONS = DEBUG;
				SWIFT_OPTIMIZATION_LEVEL = "-Onone";
				TARGETED_DEVICE_FAMILY = "1,2";
			};
			name = Debug;
		};
		B66B33571E70EF780083EE86 /* Release */ = {
			isa = XCBuildConfiguration;
			buildSettings = {
				ALWAYS_SEARCH_USER_PATHS = NO;
				CLANG_ANALYZER_NONNULL = YES;
				CLANG_CXX_LANGUAGE_STANDARD = "gnu++0x";
				CLANG_CXX_LIBRARY = "libc++";
				CLANG_ENABLE_MODULES = YES;
				CLANG_ENABLE_OBJC_ARC = YES;
				CLANG_WARN_BOOL_CONVERSION = YES;
				CLANG_WARN_CONSTANT_CONVERSION = YES;
				CLANG_WARN_DIRECT_OBJC_ISA_USAGE = YES_ERROR;
				CLANG_WARN_DOCUMENTATION_COMMENTS = YES;
				CLANG_WARN_EMPTY_BODY = YES;
				CLANG_WARN_ENUM_CONVERSION = YES;
				CLANG_WARN_INFINITE_RECURSION = YES;
				CLANG_WARN_INT_CONVERSION = YES;
				CLANG_WARN_OBJC_ROOT_CLASS = YES_ERROR;
				CLANG_WARN_SUSPICIOUS_MOVE = YES;
				CLANG_WARN_UNREACHABLE_CODE = YES;
				CLANG_WARN__DUPLICATE_METHOD_MATCH = YES;
				"CODE_SIGN_IDENTITY[sdk=iphoneos*]" = "iPhone Developer";
				COPY_PHASE_STRIP = NO;
				DEBUG_INFORMATION_FORMAT = "dwarf-with-dsym";
				ENABLE_NS_ASSERTIONS = NO;
				ENABLE_STRICT_OBJC_MSGSEND = YES;
				GCC_C_LANGUAGE_STANDARD = gnu99;
				GCC_NO_COMMON_BLOCKS = YES;
				GCC_WARN_64_TO_32_BIT_CONVERSION = YES;
				GCC_WARN_ABOUT_RETURN_TYPE = YES_ERROR;
				GCC_WARN_UNDECLARED_SELECTOR = YES;
				GCC_WARN_UNINITIALIZED_AUTOS = YES_AGGRESSIVE;
				GCC_WARN_UNUSED_FUNCTION = YES;
				GCC_WARN_UNUSED_VARIABLE = YES;
				IPHONEOS_DEPLOYMENT_TARGET = 10.2;
				MTL_ENABLE_DEBUG_INFO = NO;
				SDKROOT = iphoneos;
				SWIFT_OPTIMIZATION_LEVEL = "-Owholemodule";
				TARGETED_DEVICE_FAMILY = "1,2";
				VALIDATE_PRODUCT = YES;
			};
			name = Release;
		};
		B66B33591E70EF780083EE86 /* Debug */ = {
			isa = XCBuildConfiguration;
			buildSettings = {
				ASSETCATALOG_COMPILER_APPICON_NAME = AppIcon;
				DEVELOPMENT_TEAM = GL97DS2BD4;
				FRAMEWORK_SEARCH_PATHS = (
					"$(inherited)",
					"$(PROJECT_DIR)/Carthage/Build/iOS",
				);
				INFOPLIST_FILE = Diet2/Info.plist;
				LD_RUNPATH_SEARCH_PATHS = "$(inherited) @executable_path/Frameworks";
				PRODUCT_BUNDLE_IDENTIFIER = com.soedayuki.Diet2;
				PRODUCT_NAME = "$(TARGET_NAME)";
				SWIFT_VERSION = 3.0;
			};
			name = Debug;
		};
		B66B335A1E70EF780083EE86 /* Release */ = {
			isa = XCBuildConfiguration;
			buildSettings = {
				ASSETCATALOG_COMPILER_APPICON_NAME = AppIcon;
				DEVELOPMENT_TEAM = GL97DS2BD4;
				FRAMEWORK_SEARCH_PATHS = (
					"$(inherited)",
					"$(PROJECT_DIR)/Carthage/Build/iOS",
				);
				INFOPLIST_FILE = Diet2/Info.plist;
				LD_RUNPATH_SEARCH_PATHS = "$(inherited) @executable_path/Frameworks";
				PRODUCT_BUNDLE_IDENTIFIER = com.soedayuki.Diet2;
				PRODUCT_NAME = "$(TARGET_NAME)";
				SWIFT_VERSION = 3.0;
			};
			name = Release;
		};
/* End XCBuildConfiguration section */

/* Begin XCConfigurationList section */
		B66B33411E70EF780083EE86 /* Build configuration list for PBXProject "Diet2" */ = {
			isa = XCConfigurationList;
			buildConfigurations = (
				B66B33561E70EF780083EE86 /* Debug */,
				B66B33571E70EF780083EE86 /* Release */,
			);
			defaultConfigurationIsVisible = 0;
			defaultConfigurationName = Release;
		};
		B66B33581E70EF780083EE86 /* Build configuration list for PBXNativeTarget "Diet2" */ = {
			isa = XCConfigurationList;
			buildConfigurations = (
				B66B33591E70EF780083EE86 /* Debug */,
				B66B335A1E70EF780083EE86 /* Release */,
			);
			defaultConfigurationIsVisible = 0;
			defaultConfigurationName = Release;
		};
/* End XCConfigurationList section */
	};
	rootObject = B66B333E1E70EF780083EE86 /* Project object */;
}
